// !$*UTF8*$!
{
	archiveVersion = 1;
	classes = {
	};
	objectVersion = 56;
	objects = {

/* Begin PBXBuildFile section */
		A4877E032BBAF0C100AC9E8D /* Assets.xcassets in Resources */ = {isa = PBXBuildFile; fileRef = A4877E022BBAF0C100AC9E8D /* Assets.xcassets */; };
		A4877E132BBAF0C100AC9E8D /* gameTests.m in Sources */ = {isa = PBXBuildFile; fileRef = A4877E122BBAF0C100AC9E8D /* gameTests.m */; };
		A4877E1D2BBAF0C100AC9E8D /* gameUITests.m in Sources */ = {isa = PBXBuildFile; fileRef = A4877E1C2BBAF0C100AC9E8D /* gameUITests.m */; };
		A4877E1F2BBAF0C100AC9E8D /* gameUITestsLaunchTests.m in Sources */ = {isa = PBXBuildFile; fileRef = A4877E1E2BBAF0C100AC9E8D /* gameUITestsLaunchTests.m */; };
		A4877E2D2BBAF11700AC9E8D /* SDL2.framework in Frameworks */ = {isa = PBXBuildFile; fileRef = A4877E2C2BBAF11700AC9E8D /* SDL2.framework */; };
		A4877E2E2BBAF11700AC9E8D /* SDL2.framework in Embed Frameworks */ = {isa = PBXBuildFile; fileRef = A4877E2C2BBAF11700AC9E8D /* SDL2.framework */; settings = {ATTRIBUTES = (CodeSignOnCopy, RemoveHeadersOnCopy, ); }; };
		A4877E312BBAF11E00AC9E8D /* SDL2_image.framework in Frameworks */ = {isa = PBXBuildFile; fileRef = A4877E302BBAF11E00AC9E8D /* SDL2_image.framework */; };
		A4877E322BBAF11E00AC9E8D /* SDL2_image.framework in Embed Frameworks */ = {isa = PBXBuildFile; fileRef = A4877E302BBAF11E00AC9E8D /* SDL2_image.framework */; settings = {ATTRIBUTES = (CodeSignOnCopy, RemoveHeadersOnCopy, ); }; };
		A4877E352BBAF15B00AC9E8D /* main.cpp in Sources */ = {isa = PBXBuildFile; fileRef = A4877E332BBAF15B00AC9E8D /* main.cpp */; };
		A4943E312BD2D906004C8EEB /* space.gif in Resources */ = {isa = PBXBuildFile; fileRef = A4943E302BD2D906004C8EEB /* space.gif */; };
		A4AE34182BD666D500CD72B9 /* blueship.png in Resources */ = {isa = PBXBuildFile; fileRef = A4AE34172BD666D500CD72B9 /* blueship.png */; };
/* End PBXBuildFile section */

/* Begin PBXContainerItemProxy section */
		A4877E0F2BBAF0C100AC9E8D /* PBXContainerItemProxy */ = {
			isa = PBXContainerItemProxy;
			containerPortal = A4877DF42BBAF0C000AC9E8D /* Project object */;
			proxyType = 1;
			remoteGlobalIDString = A4877DFB2BBAF0C000AC9E8D;
			remoteInfo = game;
		};
		A4877E192BBAF0C100AC9E8D /* PBXContainerItemProxy */ = {
			isa = PBXContainerItemProxy;
			containerPortal = A4877DF42BBAF0C000AC9E8D /* Project object */;
			proxyType = 1;
			remoteGlobalIDString = A4877DFB2BBAF0C000AC9E8D;
			remoteInfo = game;
		};
/* End PBXContainerItemProxy section */

/* Begin PBXCopyFilesBuildPhase section */
		A4877E2F2BBAF11700AC9E8D /* Embed Frameworks */ = {
			isa = PBXCopyFilesBuildPhase;
			buildActionMask = 2147483647;
			dstPath = "";
			dstSubfolderSpec = 10;
			files = (
				A4877E2E2BBAF11700AC9E8D /* SDL2.framework in Embed Frameworks */,
				A4877E322BBAF11E00AC9E8D /* SDL2_image.framework in Embed Frameworks */,
			);
			name = "Embed Frameworks";
			runOnlyForDeploymentPostprocessing = 0;
		};
/* End PBXCopyFilesBuildPhase section */

/* Begin PBXFileReference section */
		A463C53E2BCE4F7A00895062 /* defs.h */ = {isa = PBXFileReference; fileEncoding = 4; lastKnownFileType = sourcecode.c.h; path = defs.h; sourceTree = "<group>"; };
		A463C53F2BCE4FD000895062 /* graphic.h */ = {isa = PBXFileReference; lastKnownFileType = sourcecode.c.h; path = graphic.h; sourceTree = "<group>"; };
		A463C5402BCE53FF00895062 /* game.h */ = {isa = PBXFileReference; lastKnownFileType = sourcecode.c.h; path = game.h; sourceTree = "<group>"; };
		A4877DFC2BBAF0C000AC9E8D /* game.app */ = {isa = PBXFileReference; explicitFileType = wrapper.application; includeInIndex = 0; path = game.app; sourceTree = BUILT_PRODUCTS_DIR; };
		A4877E022BBAF0C100AC9E8D /* Assets.xcassets */ = {isa = PBXFileReference; lastKnownFileType = folder.assetcatalog; path = Assets.xcassets; sourceTree = "<group>"; };
		A4877E092BBAF0C100AC9E8D /* game.entitlements */ = {isa = PBXFileReference; lastKnownFileType = text.plist.entitlements; path = game.entitlements; sourceTree = "<group>"; };
		A4877E0E2BBAF0C100AC9E8D /* gameTests.xctest */ = {isa = PBXFileReference; explicitFileType = wrapper.cfbundle; includeInIndex = 0; path = gameTests.xctest; sourceTree = BUILT_PRODUCTS_DIR; };
		A4877E122BBAF0C100AC9E8D /* gameTests.m */ = {isa = PBXFileReference; lastKnownFileType = sourcecode.c.objc; path = gameTests.m; sourceTree = "<group>"; };
		A4877E182BBAF0C100AC9E8D /* gameUITests.xctest */ = {isa = PBXFileReference; explicitFileType = wrapper.cfbundle; includeInIndex = 0; path = gameUITests.xctest; sourceTree = BUILT_PRODUCTS_DIR; };
		A4877E1C2BBAF0C100AC9E8D /* gameUITests.m */ = {isa = PBXFileReference; lastKnownFileType = sourcecode.c.objc; path = gameUITests.m; sourceTree = "<group>"; };
		A4877E1E2BBAF0C100AC9E8D /* gameUITestsLaunchTests.m */ = {isa = PBXFileReference; lastKnownFileType = sourcecode.c.objc; path = gameUITestsLaunchTests.m; sourceTree = "<group>"; };
		A4877E2C2BBAF11700AC9E8D /* SDL2.framework */ = {isa = PBXFileReference; lastKnownFileType = wrapper.framework; name = SDL2.framework; path = ../../../../../../Library/Frameworks/SDL2.framework; sourceTree = "<group>"; };
		A4877E302BBAF11E00AC9E8D /* SDL2_image.framework */ = {isa = PBXFileReference; lastKnownFileType = wrapper.framework; name = SDL2_image.framework; path = ../../../../../../Library/Frameworks/SDL2_image.framework; sourceTree = "<group>"; };
		A4877E332BBAF15B00AC9E8D /* main.cpp */ = {isa = PBXFileReference; lastKnownFileType = sourcecode.cpp.cpp; path = main.cpp; sourceTree = "<group>"; };
		A4943E302BD2D906004C8EEB /* space.gif */ = {isa = PBXFileReference; lastKnownFileType = image.gif; name = space.gif; path = ../../../../../Documents/space.gif; sourceTree = "<group>"; };
		A4AE34172BD666D500CD72B9 /* blueship.png */ = {isa = PBXFileReference; lastKnownFileType = image.png; name = blueship.png; path = ../../../../../Documents/blueship.png; sourceTree = "<group>"; };
		A4AE341A2BD6754000CD72B9 /* character.h */ = {isa = PBXFileReference; lastKnownFileType = sourcecode.c.h; path = character.h; sourceTree = "<group>"; };
/* End PBXFileReference section */

/* Begin PBXFrameworksBuildPhase section */
		A4877DF92BBAF0C000AC9E8D /* Frameworks */ = {
			isa = PBXFrameworksBuildPhase;
			buildActionMask = 2147483647;
			files = (
				A4877E2D2BBAF11700AC9E8D /* SDL2.framework in Frameworks */,
				A4877E312BBAF11E00AC9E8D /* SDL2_image.framework in Frameworks */,
			);
			runOnlyForDeploymentPostprocessing = 0;
		};
		A4877E0B2BBAF0C100AC9E8D /* Frameworks */ = {
			isa = PBXFrameworksBuildPhase;
			buildActionMask = 2147483647;
			files = (
			);
			runOnlyForDeploymentPostprocessing = 0;
		};
		A4877E152BBAF0C100AC9E8D /* Frameworks */ = {
			isa = PBXFrameworksBuildPhase;
			buildActionMask = 2147483647;
			files = (
			);
			runOnlyForDeploymentPostprocessing = 0;
		};
/* End PBXFrameworksBuildPhase section */

/* Begin PBXGroup section */
		A4877DF32BBAF0C000AC9E8D = {
			isa = PBXGroup;
			children = (
				A4877DFE2BBAF0C000AC9E8D /* game */,
				A4877E112BBAF0C100AC9E8D /* gameTests */,
				A4877E1B2BBAF0C100AC9E8D /* gameUITests */,
				A4877DFD2BBAF0C000AC9E8D /* Products */,
				A4877E2B2BBAF11700AC9E8D /* Frameworks */,
			);
			sourceTree = "<group>";
		};
		A4877DFD2BBAF0C000AC9E8D /* Products */ = {
			isa = PBXGroup;
			children = (
				A4877DFC2BBAF0C000AC9E8D /* game.app */,
				A4877E0E2BBAF0C100AC9E8D /* gameTests.xctest */,
				A4877E182BBAF0C100AC9E8D /* gameUITests.xctest */,
			);
			name = Products;
			sourceTree = "<group>";
		};
		A4877DFE2BBAF0C000AC9E8D /* game */ = {
			isa = PBXGroup;
			children = (
				A4877E022BBAF0C100AC9E8D /* Assets.xcassets */,
				A4877E092BBAF0C100AC9E8D /* game.entitlements */,
				A4877E332BBAF15B00AC9E8D /* main.cpp */,
				A463C5402BCE53FF00895062 /* game.h */,
				A4AE341A2BD6754000CD72B9 /* character.h */,
				A463C53E2BCE4F7A00895062 /* defs.h */,
				A463C53F2BCE4FD000895062 /* graphic.h */,
				A4AE34172BD666D500CD72B9 /* blueship.png */,
				A4943E302BD2D906004C8EEB /* space.gif */,
			);
			path = game;
			sourceTree = "<group>";
		};
		A4877E112BBAF0C100AC9E8D /* gameTests */ = {
			isa = PBXGroup;
			children = (
				A4877E122BBAF0C100AC9E8D /* gameTests.m */,
			);
			path = gameTests;
			sourceTree = "<group>";
		};
		A4877E1B2BBAF0C100AC9E8D /* gameUITests */ = {
			isa = PBXGroup;
			children = (
				A4877E1C2BBAF0C100AC9E8D /* gameUITests.m */,
				A4877E1E2BBAF0C100AC9E8D /* gameUITestsLaunchTests.m */,
			);
			path = gameUITests;
			sourceTree = "<group>";
		};
		A4877E2B2BBAF11700AC9E8D /* Frameworks */ = {
			isa = PBXGroup;
			children = (
				A4877E302BBAF11E00AC9E8D /* SDL2_image.framework */,
				A4877E2C2BBAF11700AC9E8D /* SDL2.framework */,
			);
			name = Frameworks;
			sourceTree = "<group>";
		};
/* End PBXGroup section */

/* Begin PBXNativeTarget section */
		A4877DFB2BBAF0C000AC9E8D /* game */ = {
			isa = PBXNativeTarget;
			buildConfigurationList = A4877E222BBAF0C100AC9E8D /* Build configuration list for PBXNativeTarget "game" */;
			buildPhases = (
				A4877DF82BBAF0C000AC9E8D /* Sources */,
				A4877DF92BBAF0C000AC9E8D /* Frameworks */,
				A4877DFA2BBAF0C000AC9E8D /* Resources */,
				A4877E2F2BBAF11700AC9E8D /* Embed Frameworks */,
			);
			buildRules = (
			);
			dependencies = (
			);
			name = game;
			productName = game;
			productReference = A4877DFC2BBAF0C000AC9E8D /* game.app */;
			productType = "com.apple.product-type.application";
		};
		A4877E0D2BBAF0C100AC9E8D /* gameTests */ = {
			isa = PBXNativeTarget;
			buildConfigurationList = A4877E252BBAF0C100AC9E8D /* Build configuration list for PBXNativeTarget "gameTests" */;
			buildPhases = (
				A4877E0A2BBAF0C100AC9E8D /* Sources */,
				A4877E0B2BBAF0C100AC9E8D /* Frameworks */,
				A4877E0C2BBAF0C100AC9E8D /* Resources */,
			);
			buildRules = (
			);
			dependencies = (
				A4877E102BBAF0C100AC9E8D /* PBXTargetDependency */,
			);
			name = gameTests;
			productName = gameTests;
			productReference = A4877E0E2BBAF0C100AC9E8D /* gameTests.xctest */;
			productType = "com.apple.product-type.bundle.unit-test";
		};
		A4877E172BBAF0C100AC9E8D /* gameUITests */ = {
			isa = PBXNativeTarget;
			buildConfigurationList = A4877E282BBAF0C100AC9E8D /* Build configuration list for PBXNativeTarget "gameUITests" */;
			buildPhases = (
				A4877E142BBAF0C100AC9E8D /* Sources */,
				A4877E152BBAF0C100AC9E8D /* Frameworks */,
				A4877E162BBAF0C100AC9E8D /* Resources */,
			);
			buildRules = (
			);
			dependencies = (
				A4877E1A2BBAF0C100AC9E8D /* PBXTargetDependency */,
			);
			name = gameUITests;
			productName = gameUITests;
			productReference = A4877E182BBAF0C100AC9E8D /* gameUITests.xctest */;
			productType = "com.apple.product-type.bundle.ui-testing";
		};
/* End PBXNativeTarget section */

/* Begin PBXProject section */
		A4877DF42BBAF0C000AC9E8D /* Project object */ = {
			isa = PBXProject;
			attributes = {
				BuildIndependentTargetsInParallel = 1;
				LastUpgradeCheck = 1530;
				TargetAttributes = {
					A4877DFB2BBAF0C000AC9E8D = {
						CreatedOnToolsVersion = 15.3;
					};
					A4877E0D2BBAF0C100AC9E8D = {
						CreatedOnToolsVersion = 15.3;
						TestTargetID = A4877DFB2BBAF0C000AC9E8D;
					};
					A4877E172BBAF0C100AC9E8D = {
						CreatedOnToolsVersion = 15.3;
						TestTargetID = A4877DFB2BBAF0C000AC9E8D;
					};
				};
			};
			buildConfigurationList = A4877DF72BBAF0C000AC9E8D /* Build configuration list for PBXProject "game" */;
			compatibilityVersion = "Xcode 14.0";
			developmentRegion = en;
			hasScannedForEncodings = 0;
			knownRegions = (
				en,
				Base,
			);
			mainGroup = A4877DF32BBAF0C000AC9E8D;
			productRefGroup = A4877DFD2BBAF0C000AC9E8D /* Products */;
			projectDirPath = "";
			projectRoot = "";
			targets = (
				A4877DFB2BBAF0C000AC9E8D /* game */,
				A4877E0D2BBAF0C100AC9E8D /* gameTests */,
				A4877E172BBAF0C100AC9E8D /* gameUITests */,
			);
		};
/* End PBXProject section */

/* Begin PBXResourcesBuildPhase section */
		A4877DFA2BBAF0C000AC9E8D /* Resources */ = {
			isa = PBXResourcesBuildPhase;
			buildActionMask = 2147483647;
			files = (
				A4943E312BD2D906004C8EEB /* space.gif in Resources */,
				A4877E032BBAF0C100AC9E8D /* Assets.xcassets in Resources */,
				A4AE34182BD666D500CD72B9 /* blueship.png in Resources */,
			);
			runOnlyForDeploymentPostprocessing = 0;
		};
		A4877E0C2BBAF0C100AC9E8D /* Resources */ = {
			isa = PBXResourcesBuildPhase;
			buildActionMask = 2147483647;
			files = (
			);
			runOnlyForDeploymentPostprocessing = 0;
		};
		A4877E162BBAF0C100AC9E8D /* Resources */ = {
			isa = PBXResourcesBuildPhase;
			buildActionMask = 2147483647;
			files = (
			);
			runOnlyForDeploymentPostprocessing = 0;
		};
/* End PBXResourcesBuildPhase section */

/* Begin PBXSourcesBuildPhase section */
		A4877DF82BBAF0C000AC9E8D /* Sources */ = {
			isa = PBXSourcesBuildPhase;
			buildActionMask = 2147483647;
			files = (
				A4877E352BBAF15B00AC9E8D /* main.cpp in Sources */,
			);
			runOnlyForDeploymentPostprocessing = 0;
		};
		A4877E0A2BBAF0C100AC9E8D /* Sources */ = {
			isa = PBXSourcesBuildPhase;
			buildActionMask = 2147483647;
			files = (
				A4877E132BBAF0C100AC9E8D /* gameTests.m in Sources */,
			);
			runOnlyForDeploymentPostprocessing = 0;
		};
		A4877E142BBAF0C100AC9E8D /* Sources */ = {
			isa = PBXSourcesBuildPhase;
			buildActionMask = 2147483647;
			files = (
				A4877E1F2BBAF0C100AC9E8D /* gameUITestsLaunchTests.m in Sources */,
				A4877E1D2BBAF0C100AC9E8D /* gameUITests.m in Sources */,
			);
			runOnlyForDeploymentPostprocessing = 0;
		};
/* End PBXSourcesBuildPhase section */

/* Begin PBXTargetDependency section */
		A4877E102BBAF0C100AC9E8D /* PBXTargetDependency */ = {
			isa = PBXTargetDependency;
			target = A4877DFB2BBAF0C000AC9E8D /* game */;
			targetProxy = A4877E0F2BBAF0C100AC9E8D /* PBXContainerItemProxy */;
		};
		A4877E1A2BBAF0C100AC9E8D /* PBXTargetDependency */ = {
			isa = PBXTargetDependency;
			target = A4877DFB2BBAF0C000AC9E8D /* game */;
			targetProxy = A4877E192BBAF0C100AC9E8D /* PBXContainerItemProxy */;
		};
/* End PBXTargetDependency section */

/* Begin XCBuildConfiguration section */
		A4877E202BBAF0C100AC9E8D /* Debug */ = {
			isa = XCBuildConfiguration;
			buildSettings = {
				ALWAYS_SEARCH_USER_PATHS = NO;
				ASSETCATALOG_COMPILER_GENERATE_SWIFT_ASSET_SYMBOL_EXTENSIONS = YES;
				CLANG_ANALYZER_NONNULL = YES;
				CLANG_ANALYZER_NUMBER_OBJECT_CONVERSION = YES_AGGRESSIVE;
				CLANG_CXX_LANGUAGE_STANDARD = "gnu++20";
				CLANG_ENABLE_MODULES = YES;
				CLANG_ENABLE_OBJC_ARC = YES;
				CLANG_ENABLE_OBJC_WEAK = YES;
				CLANG_WARN_BLOCK_CAPTURE_AUTORELEASING = YES;
				CLANG_WARN_BOOL_CONVERSION = YES;
				CLANG_WARN_COMMA = YES;
				CLANG_WARN_CONSTANT_CONVERSION = YES;
				CLANG_WARN_DEPRECATED_OBJC_IMPLEMENTATIONS = YES;
				CLANG_WARN_DIRECT_OBJC_ISA_USAGE = YES_ERROR;
				CLANG_WARN_DOCUMENTATION_COMMENTS = YES;
				CLANG_WARN_EMPTY_BODY = YES;
				CLANG_WARN_ENUM_CONVERSION = YES;
				CLANG_WARN_INFINITE_RECURSION = YES;
				CLANG_WARN_INT_CONVERSION = YES;
				CLANG_WARN_NON_LITERAL_NULL_CONVERSION = YES;
				CLANG_WARN_OBJC_IMPLICIT_RETAIN_SELF = YES;
				CLANG_WARN_OBJC_LITERAL_CONVERSION = YES;
				CLANG_WARN_OBJC_ROOT_CLASS = YES_ERROR;
				CLANG_WARN_QUOTED_INCLUDE_IN_FRAMEWORK_HEADER = YES;
				CLANG_WARN_RANGE_LOOP_ANALYSIS = YES;
				CLANG_WARN_STRICT_PROTOTYPES = YES;
				CLANG_WARN_SUSPICIOUS_MOVE = YES;
				CLANG_WARN_UNGUARDED_AVAILABILITY = YES_AGGRESSIVE;
				CLANG_WARN_UNREACHABLE_CODE = YES;
				CLANG_WARN__DUPLICATE_METHOD_MATCH = YES;
				COPY_PHASE_STRIP = NO;
				DEBUG_INFORMATION_FORMAT = dwarf;
				ENABLE_STRICT_OBJC_MSGSEND = YES;
				ENABLE_TESTABILITY = YES;
				ENABLE_USER_SCRIPT_SANDBOXING = YES;
				GCC_C_LANGUAGE_STANDARD = gnu17;
				GCC_DYNAMIC_NO_PIC = NO;
				GCC_NO_COMMON_BLOCKS = YES;
				GCC_OPTIMIZATION_LEVEL = 0;
				GCC_PREPROCESSOR_DEFINITIONS = (
					"DEBUG=1",
					"$(inherited)",
				);
				GCC_WARN_64_TO_32_BIT_CONVERSION = YES;
				GCC_WARN_ABOUT_RETURN_TYPE = YES_ERROR;
				GCC_WARN_UNDECLARED_SELECTOR = YES;
				GCC_WARN_UNINITIALIZED_AUTOS = YES_AGGRESSIVE;
				GCC_WARN_UNUSED_FUNCTION = YES;
				GCC_WARN_UNUSED_VARIABLE = YES;
				LOCALIZATION_PREFERS_STRING_CATALOGS = YES;
				MACOSX_DEPLOYMENT_TARGET = 14.0;
				MTL_ENABLE_DEBUG_INFO = INCLUDE_SOURCE;
				MTL_FAST_MATH = YES;
				ONLY_ACTIVE_ARCH = YES;
				SDKROOT = macosx;
			};
			name = Debug;
		};
		A4877E212BBAF0C100AC9E8D /* Release */ = {
			isa = XCBuildConfiguration;
			buildSettings = {
				ALWAYS_SEARCH_USER_PATHS = NO;
				ASSETCATALOG_COMPILER_GENERATE_SWIFT_ASSET_SYMBOL_EXTENSIONS = YES;
				CLANG_ANALYZER_NONNULL = YES;
				CLANG_ANALYZER_NUMBER_OBJECT_CONVERSION = YES_AGGRESSIVE;
				CLANG_CXX_LANGUAGE_STANDARD = "gnu++20";
				CLANG_ENABLE_MODULES = YES;
				CLANG_ENABLE_OBJC_ARC = YES;
				CLANG_ENABLE_OBJC_WEAK = YES;
				CLANG_WARN_BLOCK_CAPTURE_AUTORELEASING = YES;
				CLANG_WARN_BOOL_CONVERSION = YES;
				CLANG_WARN_COMMA = YES;
				CLANG_WARN_CONSTANT_CONVERSION = YES;
				CLANG_WARN_DEPRECATED_OBJC_IMPLEMENTATIONS = YES;
				CLANG_WARN_DIRECT_OBJC_ISA_USAGE = YES_ERROR;
				CLANG_WARN_DOCUMENTATION_COMMENTS = YES;
				CLANG_WARN_EMPTY_BODY = YES;
				CLANG_WARN_ENUM_CONVERSION = YES;
				CLANG_WARN_INFINITE_RECURSION = YES;
				CLANG_WARN_INT_CONVERSION = YES;
				CLANG_WARN_NON_LITERAL_NULL_CONVERSION = YES;
				CLANG_WARN_OBJC_IMPLICIT_RETAIN_SELF = YES;
				CLANG_WARN_OBJC_LITERAL_CONVERSION = YES;
				CLANG_WARN_OBJC_ROOT_CLASS = YES_ERROR;
				CLANG_WARN_QUOTED_INCLUDE_IN_FRAMEWORK_HEADER = YES;
				CLANG_WARN_RANGE_LOOP_ANALYSIS = YES;
				CLANG_WARN_STRICT_PROTOTYPES = YES;
				CLANG_WARN_SUSPICIOUS_MOVE = YES;
				CLANG_WARN_UNGUARDED_AVAILABILITY = YES_AGGRESSIVE;
				CLANG_WARN_UNREACHABLE_CODE = YES;
				CLANG_WARN__DUPLICATE_METHOD_MATCH = YES;
				COPY_PHASE_STRIP = NO;
				DEBUG_INFORMATION_FORMAT = "dwarf-with-dsym";
				ENABLE_NS_ASSERTIONS = NO;
				ENABLE_STRICT_OBJC_MSGSEND = YES;
				ENABLE_USER_SCRIPT_SANDBOXING = YES;
				GCC_C_LANGUAGE_STANDARD = gnu17;
				GCC_NO_COMMON_BLOCKS = YES;
				GCC_WARN_64_TO_32_BIT_CONVERSION = YES;
				GCC_WARN_ABOUT_RETURN_TYPE = YES_ERROR;
				GCC_WARN_UNDECLARED_SELECTOR = YES;
				GCC_WARN_UNINITIALIZED_AUTOS = YES_AGGRESSIVE;
				GCC_WARN_UNUSED_FUNCTION = YES;
				GCC_WARN_UNUSED_VARIABLE = YES;
				LOCALIZATION_PREFERS_STRING_CATALOGS = YES;
				MACOSX_DEPLOYMENT_TARGET = 14.0;
				MTL_ENABLE_DEBUG_INFO = NO;
				MTL_FAST_MATH = YES;
				SDKROOT = macosx;
			};
			name = Release;
		};
		A4877E232BBAF0C100AC9E8D /* Debug */ = {
			isa = XCBuildConfiguration;
			buildSettings = {
				ASSETCATALOG_COMPILER_APPICON_NAME = AppIcon;
				ASSETCATALOG_COMPILER_GLOBAL_ACCENT_COLOR_NAME = AccentColor;
				CODE_SIGN_ENTITLEMENTS = game/game.entitlements;
				CODE_SIGN_STYLE = Automatic;
				COMBINE_HIDPI_IMAGES = YES;
				CURRENT_PROJECT_VERSION = 1;
				FRAMEWORK_SEARCH_PATHS = (
					"$(inherited)",
					"$(LOCAL_LIBRARY_DIR)/Frameworks",
				);
				GENERATE_INFOPLIST_FILE = YES;
				INFOPLIST_KEY_NSHumanReadableCopyright = "";
				INFOPLIST_KEY_NSMainNibFile = MainMenu;
				INFOPLIST_KEY_NSPrincipalClass = NSApplication;
				LD_RUNPATH_SEARCH_PATHS = (
					"$(inherited)",
					"@executable_path/../Frameworks",
				);
				MARKETING_VERSION = 1.0;
				PRODUCT_BUNDLE_IDENTIFIER = "just-homeword.game";
				PRODUCT_NAME = "$(TARGET_NAME)";
				SWIFT_EMIT_LOC_STRINGS = YES;
			};
			name = Debug;
		};
		A4877E242BBAF0C100AC9E8D /* Release */ = {
			isa = XCBuildConfiguration;
			buildSettings = {
				ASSETCATALOG_COMPILER_APPICON_NAME = AppIcon;
				ASSETCATALOG_COMPILER_GLOBAL_ACCENT_COLOR_NAME = AccentColor;
				CODE_SIGN_ENTITLEMENTS = game/game.entitlements;
				CODE_SIGN_STYLE = Automatic;
				COMBINE_HIDPI_IMAGES = YES;
				CURRENT_PROJECT_VERSION = 1;
				FRAMEWORK_SEARCH_PATHS = (
					"$(inherited)",
					"$(LOCAL_LIBRARY_DIR)/Frameworks",
				);
				GENERATE_INFOPLIST_FILE = YES;
				INFOPLIST_KEY_NSHumanReadableCopyright = "";
				INFOPLIST_KEY_NSMainNibFile = MainMenu;
				INFOPLIST_KEY_NSPrincipalClass = NSApplication;
				LD_RUNPATH_SEARCH_PATHS = (
					"$(inherited)",
					"@executable_path/../Frameworks",
				);
				MARKETING_VERSION = 1.0;
				PRODUCT_BUNDLE_IDENTIFIER = "just-homeword.game";
				PRODUCT_NAME = "$(TARGET_NAME)";
				SWIFT_EMIT_LOC_STRINGS = YES;
			};
			name = Release;
		};
		A4877E262BBAF0C100AC9E8D /* Debug */ = {
			isa = XCBuildConfiguration;
			buildSettings = {
				BUNDLE_LOADER = "$(TEST_HOST)";
				CODE_SIGN_STYLE = Automatic;
				CURRENT_PROJECT_VERSION = 1;
				GENERATE_INFOPLIST_FILE = YES;
				MACOSX_DEPLOYMENT_TARGET = 14.0;
				MARKETING_VERSION = 1.0;
				PRODUCT_BUNDLE_IDENTIFIER = "just-homeword.gameTests";
				PRODUCT_NAME = "$(TARGET_NAME)";
				SWIFT_EMIT_LOC_STRINGS = NO;
				TEST_HOST = "$(BUILT_PRODUCTS_DIR)/game.app/$(BUNDLE_EXECUTABLE_FOLDER_PATH)/game";
			};
			name = Debug;
		};
		A4877E272BBAF0C100AC9E8D /* Release */ = {
			isa = XCBuildConfiguration;
			buildSettings = {
				BUNDLE_LOADER = "$(TEST_HOST)";
				CODE_SIGN_STYLE = Automatic;
				CURRENT_PROJECT_VERSION = 1;
				GENERATE_INFOPLIST_FILE = YES;
				MACOSX_DEPLOYMENT_TARGET = 14.0;
				MARKETING_VERSION = 1.0;
				PRODUCT_BUNDLE_IDENTIFIER = "just-homeword.gameTests";
				PRODUCT_NAME = "$(TARGET_NAME)";
				SWIFT_EMIT_LOC_STRINGS = NO;
				TEST_HOST = "$(BUILT_PRODUCTS_DIR)/game.app/$(BUNDLE_EXECUTABLE_FOLDER_PATH)/game";
			};
			name = Release;
		};
		A4877E292BBAF0C100AC9E8D /* Debug */ = {
			isa = XCBuildConfiguration;
			buildSettings = {
				CODE_SIGN_STYLE = Automatic;
				CURRENT_PROJECT_VERSION = 1;
				GENERATE_INFOPLIST_FILE = YES;
				MARKETING_VERSION = 1.0;
				PRODUCT_BUNDLE_IDENTIFIER = "just-homeword.gameUITests";
				PRODUCT_NAME = "$(TARGET_NAME)";
				SWIFT_EMIT_LOC_STRINGS = NO;
				TEST_TARGET_NAME = game;
			};
			name = Debug;
		};
		A4877E2A2BBAF0C100AC9E8D /* Release */ = {
			isa = XCBuildConfiguration;
			buildSettings = {
				CODE_SIGN_STYLE = Automatic;
				CURRENT_PROJECT_VERSION = 1;
				GENERATE_INFOPLIST_FILE = YES;
				MARKETING_VERSION = 1.0;
				PRODUCT_BUNDLE_IDENTIFIER = "just-homeword.gameUITests";
				PRODUCT_NAME = "$(TARGET_NAME)";
				SWIFT_EMIT_LOC_STRINGS = NO;
				TEST_TARGET_NAME = game;
			};
			name = Release;
		};
/* End XCBuildConfiguration section */

/* Begin XCConfigurationList section */
		A4877DF72BBAF0C000AC9E8D /* Build configuration list for PBXProject "game" */ = {
			isa = XCConfigurationList;
			buildConfigurations = (
				A4877E202BBAF0C100AC9E8D /* Debug */,
				A4877E212BBAF0C100AC9E8D /* Release */,
			);
			defaultConfigurationIsVisible = 0;
			defaultConfigurationName = Release;
		};
		A4877E222BBAF0C100AC9E8D /* Build configuration list for PBXNativeTarget "game" */ = {
			isa = XCConfigurationList;
			buildConfigurations = (
				A4877E232BBAF0C100AC9E8D /* Debug */,
				A4877E242BBAF0C100AC9E8D /* Release */,
			);
			defaultConfigurationIsVisible = 0;
			defaultConfigurationName = Release;
		};
		A4877E252BBAF0C100AC9E8D /* Build configuration list for PBXNativeTarget "gameTests" */ = {
			isa = XCConfigurationList;
			buildConfigurations = (
				A4877E262BBAF0C100AC9E8D /* Debug */,
				A4877E272BBAF0C100AC9E8D /* Release */,
			);
			defaultConfigurationIsVisible = 0;
			defaultConfigurationName = Release;
		};
		A4877E282BBAF0C100AC9E8D /* Build configuration list for PBXNativeTarget "gameUITests" */ = {
			isa = XCConfigurationList;
			buildConfigurations = (
				A4877E292BBAF0C100AC9E8D /* Debug */,
				A4877E2A2BBAF0C100AC9E8D /* Release */,
			);
			defaultConfigurationIsVisible = 0;
			defaultConfigurationName = Release;
		};
/* End XCConfigurationList section */
	};
	rootObject = A4877DF42BBAF0C000AC9E8D /* Project object */;
}
